
Microsoft Visual Studio Solution File, Format Version 12.00
# Visual Studio Version 16
VisualStudioVersion = 16.0.31515.178
MinimumVisualStudioVersion = 10.0.40219.1
Project("{F184B08F-C81C-45F6-A57F-5ABD9991F28F}") = "RDP_Alive", "RDP_Alive\RDP_Alive.vbproj", "{5DB9B45B-B1B2-49FD-99E4-DE746FFDFEBA}"
EndProject
Global
	GlobalSection(SolutionConfigurationPlatforms) = preSolution
		Debug|Any CPU = Debug|Any CPU
		Release|Any CPU = Release|Any CPU
	EndGlobalSection
	GlobalSection(ProjectConfigurationPlatforms) = postSolution
		{5DB9B45B-B1B2-49FD-99E4-DE746FFDFEBA}.Debug|Any CPU.ActiveCfg = Debug|Any CPU
		{5DB9B45B-B1B2-49FD-99E4-DE746FFDFEBA}.Debug|Any CPU.Build.0 = Debug|Any CPU
		{5DB9B45B-B1B2-49FD-99E4-DE746FFDFEBA}.Release|Any CPU.ActiveCfg = Release|Any CPU
		{5DB9B45B-B1B2-49FD-99E4-DE746FFDFEBA}.Release|Any CPU.Build.0 = Release|Any CPU
	EndGlobalSection
	GlobalSection(SolutionProperties) = preSolution
		HideSolutionNode = FALSE
	EndGlobalSection
	GlobalSection(ExtensibilityGlobals) = postSolution
		SolutionGuid = {326AD117-534D-44C8-8C7D-19BB751D6300}
	EndGlobalSection
EndGlobal
